
Microsoft Visual Studio Solution File, Format Version 12.00
# Visual Studio Version 16
VisualStudioVersion = 16.0.30523.141
MinimumVisualStudioVersion = 10.0.40219.1
Project("{FAE04EC0-301F-11D3-BF4B-00C04F79EFBC}") = "HciMiniProject", "HciMiniProject\HciMiniProject.csproj", "{EB167334-98A6-43AB-9C89-58A967CC90A9}"
EndProject
Global
	GlobalSection(SolutionConfigurationPlatforms) = preSolution
		Debug|Any CPU = Debug|Any CPU
		Release|Any CPU = Release|Any CPU
	EndGlobalSection
	GlobalSection(ProjectConfigurationPlatforms) = postSolution
		{EB167334-98A6-43AB-9C89-58A967CC90A9}.Debug|Any CPU.ActiveCfg = Debug|Any CPU
		{EB167334-98A6-43AB-9C89-58A967CC90A9}.Debug|Any CPU.Build.0 = Debug|Any CPU
		{EB167334-98A6-43AB-9C89-58A967CC90A9}.Release|Any CPU.ActiveCfg = Release|Any CPU
		{EB167334-98A6-43AB-9C89-58A967CC90A9}.Release|Any CPU.Build.0 = Release|Any CPU
	EndGlobalSection
	GlobalSection(SolutionProperties) = preSolution
		HideSolutionNode = FALSE
	EndGlobalSection
	GlobalSection(ExtensibilityGlobals) = postSolution
		SolutionGuid = {EB005297-F111-4A8D-B7EC-035F1C5A4D92}
	EndGlobalSection
EndGlobal
